
Microsoft Visual Studio Solution File, Format Version 12.00
# Visual Studio Version 17
VisualStudioVersion = 17.14.36915.13 d17.14
MinimumVisualStudioVersion = 10.0.40219.1
Project("{FAE04EC0-301F-11D3-BF4B-00C04F79EFBC}") = "GameStopInventory", "GameStopInventory.csproj", "{A9F6254A-745C-4490-BB0C-510EB9FD3A95}"
EndProject
Project("{FAE04EC0-301F-11D3-BF4B-00C04F79EFBC}") = "GameStopFunctions", "..\GameStopFunctions\GameStopFunctions.csproj", "{B8A57EB4-B89D-4E90-A6F1-9B2E5F65016C}"
EndProject
Global
	GlobalSection(SolutionConfigurationPlatforms) = preSolution
		Debug|Any CPU = Debug|Any CPU
		Release|Any CPU = Release|Any CPU
	EndGlobalSection
	GlobalSection(ProjectConfigurationPlatforms) = postSolution
		{A9F6254A-745C-4490-BB0C-510EB9FD3A95}.Debug|Any CPU.ActiveCfg = Debug|Any CPU
		{A9F6254A-745C-4490-BB0C-510EB9FD3A95}.Debug|Any CPU.Build.0 = Debug|Any CPU
		{A9F6254A-745C-4490-BB0C-510EB9FD3A95}.Release|Any CPU.ActiveCfg = Release|Any CPU
		{A9F6254A-745C-4490-BB0C-510EB9FD3A95}.Release|Any CPU.Build.0 = Release|Any CPU
		{B8A57EB4-B89D-4E90-A6F1-9B2E5F65016C}.Debug|Any CPU.ActiveCfg = Debug|Any CPU
		{B8A57EB4-B89D-4E90-A6F1-9B2E5F65016C}.Debug|Any CPU.Build.0 = Debug|Any CPU
		{B8A57EB4-B89D-4E90-A6F1-9B2E5F65016C}.Release|Any CPU.ActiveCfg = Release|Any CPU
		{B8A57EB4-B89D-4E90-A6F1-9B2E5F65016C}.Release|Any CPU.Build.0 = Release|Any CPU
	EndGlobalSection
	GlobalSection(SolutionProperties) = preSolution
		HideSolutionNode = FALSE
	EndGlobalSection
	GlobalSection(ExtensibilityGlobals) = postSolution
		SolutionGuid = {F360B766-63C0-41B2-A939-2CEFAAF5C65B}
	EndGlobalSection
EndGlobal
